github.com/tinywasm/fmt v0.24.4 h1:PWBbTuov+Ww/DIABb5oMfrZjz4duD36PYCoHOZqhVwo=
github.com/tinywasm/fmt v0.24.4/go.mod h1:L2GCAi6asgytPV6TVvGrRq5Ml+DkUt1Ijo5i/2J1jOY=
github.com/tinywasm/time v0.5.0 h1:M17DNgKrMYfkCK42V6miL9AcwfN/FHghbKOSTXJrkMo=
github.com/tinywasm/time v0.5.0/go.mod h1:vxGAkKA40im4ObiTS6hcsJYiIsVVLSz/A63JC/+TwvA=
